
Microsoft Visual Studio Solution File, Format Version 12.00
# Visual Studio Version 17
VisualStudioVersion = 17.4.33213.308
MinimumVisualStudioVersion = 10.0.40219.1
Project("{2150E333-8FDC-42A3-9474-1A3956D46DE8}") = "src", "src", "{3FCDCF10-7A18-4B2F-9DB3-776D5CD7D844}"
EndProject
Project("{2150E333-8FDC-42A3-9474-1A3956D46DE8}") = "test", "test", "{A38C4450-7826-4824-9764-D8D1707EFC08}"
EndProject
Project("{9A19103F-16F7-4668-BE54-9A1E7A4F7556}") = "Domain", "Domain\Domain.csproj", "{5D76BE1E-72EA-41EF-B346-7B37986BE489}"
EndProject
Project("{9A19103F-16F7-4668-BE54-9A1E7A4F7556}") = "Application", "Application\Application.csproj", "{FDA3BF3C-7288-4347-80ED-02551BEBDB47}"
EndProject
Project("{9A19103F-16F7-4668-BE54-9A1E7A4F7556}") = "Persistence", "Persistence\Persistence.csproj", "{F3132047-876F-41B2-B89D-894AA0DECE2F}"
	ProjectSection(ProjectDependencies) = postProject
		{FDA3BF3C-7288-4347-80ED-02551BEBDB47} = {FDA3BF3C-7288-4347-80ED-02551BEBDB47}
	EndProjectSection
EndProject
Project("{9A19103F-16F7-4668-BE54-9A1E7A4F7556}") = "Application.UnitTests", "Application.UnitTests\Application.UnitTests.csproj", "{58BD0FD6-E49B-4011-B69D-837EFF973A54}"
EndProject
Project("{9A19103F-16F7-4668-BE54-9A1E7A4F7556}") = "Persistence.IntegrationTests", "Persistence.IntegrationTests\Persistence.IntegrationTests.csproj", "{FF880904-73A1-4F0E-9674-D4A8CAE1D27F}"
	ProjectSection(ProjectDependencies) = postProject
		{5D76BE1E-72EA-41EF-B346-7B37986BE489} = {5D76BE1E-72EA-41EF-B346-7B37986BE489}
		{F3132047-876F-41B2-B89D-894AA0DECE2F} = {F3132047-876F-41B2-B89D-894AA0DECE2F}
		{FDA3BF3C-7288-4347-80ED-02551BEBDB47} = {FDA3BF3C-7288-4347-80ED-02551BEBDB47}
	EndProjectSection
EndProject
Project("{9A19103F-16F7-4668-BE54-9A1E7A4F7556}") = "Api", "Api\Api.csproj", "{C992DE46-F33B-4DED-BF5C-B9170E998B5D}"
EndProject
Project("{9A19103F-16F7-4668-BE54-9A1E7A4F7556}") = "Api.IntegrationTests", "Api.IntegrationTests\Api.IntegrationTests.csproj", "{994D0027-9A4A-4FE5-A76D-6DD046991304}"
EndProject
Project("{2150E333-8FDC-42A3-9474-1A3956D46DE8}") = "Solution Items", "Solution Items", "{BD634359-3A25-46D5-A757-203DA4B48345}"
	ProjectSection(SolutionItems) = preProject
		ideias.txt = ideias.txt
	EndProjectSection
EndProject
Project("{FAE04EC0-301F-11D3-BF4B-00C04F79EFBC}") = "Tests.Common", "Tests.DummyData\Tests.Common.csproj", "{9C89F8A9-2895-48BE-B350-031058764954}"
EndProject
Global
	GlobalSection(SolutionConfigurationPlatforms) = preSolution
		Debug|Any CPU = Debug|Any CPU
		Release|Any CPU = Release|Any CPU
	EndGlobalSection
	GlobalSection(ProjectConfigurationPlatforms) = postSolution
		{5D76BE1E-72EA-41EF-B346-7B37986BE489}.Debug|Any CPU.ActiveCfg = Debug|Any CPU
		{5D76BE1E-72EA-41EF-B346-7B37986BE489}.Debug|Any CPU.Build.0 = Debug|Any CPU
		{5D76BE1E-72EA-41EF-B346-7B37986BE489}.Release|Any CPU.ActiveCfg = Release|Any CPU
		{5D76BE1E-72EA-41EF-B346-7B37986BE489}.Release|Any CPU.Build.0 = Release|Any CPU
		{FDA3BF3C-7288-4347-80ED-02551BEBDB47}.Debug|Any CPU.ActiveCfg = Debug|Any CPU
		{FDA3BF3C-7288-4347-80ED-02551BEBDB47}.Debug|Any CPU.Build.0 = Debug|Any CPU
		{FDA3BF3C-7288-4347-80ED-02551BEBDB47}.Release|Any CPU.ActiveCfg = Release|Any CPU
		{FDA3BF3C-7288-4347-80ED-02551BEBDB47}.Release|Any CPU.Build.0 = Release|Any CPU
		{F3132047-876F-41B2-B89D-894AA0DECE2F}.Debug|Any CPU.ActiveCfg = Debug|Any CPU
		{F3132047-876F-41B2-B89D-894AA0DECE2F}.Debug|Any CPU.Build.0 = Debug|Any CPU
		{F3132047-876F-41B2-B89D-894AA0DECE2F}.Release|Any CPU.ActiveCfg = Release|Any CPU
		{F3132047-876F-41B2-B89D-894AA0DECE2F}.Release|Any CPU.Build.0 = Release|Any CPU
		{58BD0FD6-E49B-4011-B69D-837EFF973A54}.Debug|Any CPU.ActiveCfg = Debug|Any CPU
		{58BD0FD6-E49B-4011-B69D-837EFF973A54}.Debug|Any CPU.Build.0 = Debug|Any CPU
		{58BD0FD6-E49B-4011-B69D-837EFF973A54}.Release|Any CPU.ActiveCfg = Release|Any CPU
		{58BD0FD6-E49B-4011-B69D-837EFF973A54}.Release|Any CPU.Build.0 = Release|Any CPU
		{FF880904-73A1-4F0E-9674-D4A8CAE1D27F}.Debug|Any CPU.ActiveCfg = Debug|Any CPU
		{FF880904-73A1-4F0E-9674-D4A8CAE1D27F}.Debug|Any CPU.Build.0 = Debug|Any CPU
		{FF880904-73A1-4F0E-9674-D4A8CAE1D27F}.Release|Any CPU.ActiveCfg = Release|Any CPU
		{FF880904-73A1-4F0E-9674-D4A8CAE1D27F}.Release|Any CPU.Build.0 = Release|Any CPU
		{C992DE46-F33B-4DED-BF5C-B9170E998B5D}.Debug|Any CPU.ActiveCfg = Debug|Any CPU
		{C992DE46-F33B-4DED-BF5C-B9170E998B5D}.Debug|Any CPU.Build.0 = Debug|Any CPU
		{C992DE46-F33B-4DED-BF5C-B9170E998B5D}.Release|Any CPU.ActiveCfg = Release|Any CPU
		{C992DE46-F33B-4DED-BF5C-B9170E998B5D}.Release|Any CPU.Build.0 = Release|Any CPU
		{994D0027-9A4A-4FE5-A76D-6DD046991304}.Debug|Any CPU.ActiveCfg = Debug|Any CPU
		{994D0027-9A4A-4FE5-A76D-6DD046991304}.Debug|Any CPU.Build.0 = Debug|Any CPU
		{994D0027-9A4A-4FE5-A76D-6DD046991304}.Release|Any CPU.ActiveCfg = Release|Any CPU
		{994D0027-9A4A-4FE5-A76D-6DD046991304}.Release|Any CPU.Build.0 = Release|Any CPU
		{9C89F8A9-2895-48BE-B350-031058764954}.Debug|Any CPU.ActiveCfg = Debug|Any CPU
		{9C89F8A9-2895-48BE-B350-031058764954}.Debug|Any CPU.Build.0 = Debug|Any CPU
		{9C89F8A9-2895-48BE-B350-031058764954}.Release|Any CPU.ActiveCfg = Release|Any CPU
		{9C89F8A9-2895-48BE-B350-031058764954}.Release|Any CPU.Build.0 = Release|Any CPU
	EndGlobalSection
	GlobalSection(SolutionProperties) = preSolution
		HideSolutionNode = FALSE
	EndGlobalSection
	GlobalSection(NestedProjects) = preSolution
		{5D76BE1E-72EA-41EF-B346-7B37986BE489} = {3FCDCF10-7A18-4B2F-9DB3-776D5CD7D844}
		{FDA3BF3C-7288-4347-80ED-02551BEBDB47} = {3FCDCF10-7A18-4B2F-9DB3-776D5CD7D844}
		{F3132047-876F-41B2-B89D-894AA0DECE2F} = {3FCDCF10-7A18-4B2F-9DB3-776D5CD7D844}
		{58BD0FD6-E49B-4011-B69D-837EFF973A54} = {A38C4450-7826-4824-9764-D8D1707EFC08}
		{FF880904-73A1-4F0E-9674-D4A8CAE1D27F} = {A38C4450-7826-4824-9764-D8D1707EFC08}
		{C992DE46-F33B-4DED-BF5C-B9170E998B5D} = {3FCDCF10-7A18-4B2F-9DB3-776D5CD7D844}
		{994D0027-9A4A-4FE5-A76D-6DD046991304} = {A38C4450-7826-4824-9764-D8D1707EFC08}
		{9C89F8A9-2895-48BE-B350-031058764954} = {A38C4450-7826-4824-9764-D8D1707EFC08}
	EndGlobalSection
	GlobalSection(ExtensibilityGlobals) = postSolution
		SolutionGuid = {FC42A828-3939-41B9-94B2-FAF7D1401084}
	EndGlobalSection
EndGlobal
