
Microsoft Visual Studio Solution File, Format Version 12.00
# Visual Studio Version 17
VisualStudioVersion = 17.4.33213.308
MinimumVisualStudioVersion = 10.0.40219.1
Project("{9A19103F-16F7-4668-BE54-9A1E7A4F7556}") = "Web", "GymXpto\Web.csproj", "{7022BB26-C20A-4861-9D4A-33AEB1009427}"
EndProject
Project("{2150E333-8FDC-42A3-9474-1A3956D46DE8}") = "src", "src", "{3FCDCF10-7A18-4B2F-9DB3-776D5CD7D844}"
EndProject
Project("{2150E333-8FDC-42A3-9474-1A3956D46DE8}") = "test", "test", "{A38C4450-7826-4824-9764-D8D1707EFC08}"
EndProject
Project("{9A19103F-16F7-4668-BE54-9A1E7A4F7556}") = "Application", "ApplicationCore\Application.csproj", "{62E69449-70C7-4046-A765-1E61B616819F}"
EndProject
Project("{9A19103F-16F7-4668-BE54-9A1E7A4F7556}") = "Infrastructure", "Infrastructure\Infrastructure.csproj", "{202955EE-4229-4067-AE90-DA2C9B57D37A}"
EndProject
Project("{9A19103F-16F7-4668-BE54-9A1E7A4F7556}") = "Api", "Api\Api.csproj", "{2A4E4FA0-87C3-46F8-B188-06D91BEDB406}"
EndProject
Project("{FAE04EC0-301F-11D3-BF4B-00C04F79EFBC}") = "Domain", "Domain\Domain.csproj", "{8626BFC6-6092-44EB-BAAA-F5F46DA3A8FB}"
EndProject
Global
	GlobalSection(SolutionConfigurationPlatforms) = preSolution
		Debug|Any CPU = Debug|Any CPU
		Release|Any CPU = Release|Any CPU
	EndGlobalSection
	GlobalSection(ProjectConfigurationPlatforms) = postSolution
		{7022BB26-C20A-4861-9D4A-33AEB1009427}.Debug|Any CPU.ActiveCfg = Debug|Any CPU
		{7022BB26-C20A-4861-9D4A-33AEB1009427}.Debug|Any CPU.Build.0 = Debug|Any CPU
		{7022BB26-C20A-4861-9D4A-33AEB1009427}.Release|Any CPU.ActiveCfg = Release|Any CPU
		{7022BB26-C20A-4861-9D4A-33AEB1009427}.Release|Any CPU.Build.0 = Release|Any CPU
		{62E69449-70C7-4046-A765-1E61B616819F}.Debug|Any CPU.ActiveCfg = Debug|Any CPU
		{62E69449-70C7-4046-A765-1E61B616819F}.Debug|Any CPU.Build.0 = Debug|Any CPU
		{62E69449-70C7-4046-A765-1E61B616819F}.Release|Any CPU.ActiveCfg = Release|Any CPU
		{62E69449-70C7-4046-A765-1E61B616819F}.Release|Any CPU.Build.0 = Release|Any CPU
		{202955EE-4229-4067-AE90-DA2C9B57D37A}.Debug|Any CPU.ActiveCfg = Debug|Any CPU
		{202955EE-4229-4067-AE90-DA2C9B57D37A}.Debug|Any CPU.Build.0 = Debug|Any CPU
		{202955EE-4229-4067-AE90-DA2C9B57D37A}.Release|Any CPU.ActiveCfg = Release|Any CPU
		{202955EE-4229-4067-AE90-DA2C9B57D37A}.Release|Any CPU.Build.0 = Release|Any CPU
		{2A4E4FA0-87C3-46F8-B188-06D91BEDB406}.Debug|Any CPU.ActiveCfg = Debug|Any CPU
		{2A4E4FA0-87C3-46F8-B188-06D91BEDB406}.Debug|Any CPU.Build.0 = Debug|Any CPU
		{2A4E4FA0-87C3-46F8-B188-06D91BEDB406}.Release|Any CPU.ActiveCfg = Release|Any CPU
		{2A4E4FA0-87C3-46F8-B188-06D91BEDB406}.Release|Any CPU.Build.0 = Release|Any CPU
		{8626BFC6-6092-44EB-BAAA-F5F46DA3A8FB}.Debug|Any CPU.ActiveCfg = Debug|Any CPU
		{8626BFC6-6092-44EB-BAAA-F5F46DA3A8FB}.Debug|Any CPU.Build.0 = Debug|Any CPU
		{8626BFC6-6092-44EB-BAAA-F5F46DA3A8FB}.Release|Any CPU.ActiveCfg = Release|Any CPU
		{8626BFC6-6092-44EB-BAAA-F5F46DA3A8FB}.Release|Any CPU.Build.0 = Release|Any CPU
	EndGlobalSection
	GlobalSection(SolutionProperties) = preSolution
		HideSolutionNode = FALSE
	EndGlobalSection
	GlobalSection(NestedProjects) = preSolution
		{7022BB26-C20A-4861-9D4A-33AEB1009427} = {3FCDCF10-7A18-4B2F-9DB3-776D5CD7D844}
		{62E69449-70C7-4046-A765-1E61B616819F} = {3FCDCF10-7A18-4B2F-9DB3-776D5CD7D844}
		{202955EE-4229-4067-AE90-DA2C9B57D37A} = {3FCDCF10-7A18-4B2F-9DB3-776D5CD7D844}
		{2A4E4FA0-87C3-46F8-B188-06D91BEDB406} = {3FCDCF10-7A18-4B2F-9DB3-776D5CD7D844}
		{8626BFC6-6092-44EB-BAAA-F5F46DA3A8FB} = {3FCDCF10-7A18-4B2F-9DB3-776D5CD7D844}
	EndGlobalSection
	GlobalSection(ExtensibilityGlobals) = postSolution
		SolutionGuid = {FC42A828-3939-41B9-94B2-FAF7D1401084}
	EndGlobalSection
EndGlobal
